
Microsoft Visual Studio Solution File, Format Version 12.00
Project("{FAE04EC0-301F-11D3-BF4B-00C04F79EFBC}") = "YahyaTj.RomanCalculator", "YahyaTj.RomanCalculator\YahyaTj.RomanCalculator.csproj", "{72337701-7254-41A0-B90C-47073DFB48A5}"
EndProject
Project("{FAE04EC0-301F-11D3-BF4B-00C04F79EFBC}") = "YahyaTj.RomanCalculator.IntegrationTests", "YahyaTj.RomanCalculator.IntegrationTests\YahyaTj.RomanCalculator.IntegrationTests.csproj", "{1EF36917-271E-46D2-8E8A-D2D1EF74261A}"
EndProject
Global
	GlobalSection(SolutionConfigurationPlatforms) = preSolution
		Debug|Any CPU = Debug|Any CPU
		Release|Any CPU = Release|Any CPU
	EndGlobalSection
	GlobalSection(ProjectConfigurationPlatforms) = postSolution
		{72337701-7254-41A0-B90C-47073DFB48A5}.Debug|Any CPU.ActiveCfg = Debug|Any CPU
		{72337701-7254-41A0-B90C-47073DFB48A5}.Debug|Any CPU.Build.0 = Debug|Any CPU
		{72337701-7254-41A0-B90C-47073DFB48A5}.Release|Any CPU.ActiveCfg = Release|Any CPU
		{72337701-7254-41A0-B90C-47073DFB48A5}.Release|Any CPU.Build.0 = Release|Any CPU
		{1EF36917-271E-46D2-8E8A-D2D1EF74261A}.Debug|Any CPU.ActiveCfg = Debug|Any CPU
		{1EF36917-271E-46D2-8E8A-D2D1EF74261A}.Debug|Any CPU.Build.0 = Debug|Any CPU
		{1EF36917-271E-46D2-8E8A-D2D1EF74261A}.Release|Any CPU.ActiveCfg = Release|Any CPU
		{1EF36917-271E-46D2-8E8A-D2D1EF74261A}.Release|Any CPU.Build.0 = Release|Any CPU
	EndGlobalSection
EndGlobal
